schema: '2.0'
stages:
  data_ingestion:
    cmd: python -m cnnClassifier.pipeline.stage_01_data_ingestion
    deps:
    - path: config/config.yaml
      hash: md5
      md5: 780aef87d0ac1237b406fc4d6c9a4348
      size: 569
    - path: src/cnnClassifier/components/data_ingestion.py
      hash: md5
      md5: 6b305e62042edcf63dccc14c27130410
      size: 1954
    - path: src/cnnClassifier/config/configuration.py
      hash: md5
      md5: 8fb644a13fb9b768c88ff736ab66139c
      size: 3952
    - path: src/cnnClassifier/entity/config_entity.py
      hash: md5
      md5: e2c6e5233f782208e6c941257d86267a
      size: 1086
    - path: src/cnnClassifier/pipeline/stage_01_data_ingestion.py
      hash: md5
      md5: 5a24c8e8f35413026b723a923ab3cc5d
      size: 884
    - path: src/cnnClassifier/utils/common.py
      hash: md5
      md5: f5bb60ede0b4c3443c098248c0f56090
      size: 3744
    outs:
    - path: artifacts/data_ingestion/Chest-CT-Scan-data
      hash: md5
      md5: 904fa45d934ce879b3b1933dca6cb2f1.dir
      size: 49247431
      nfiles: 343
  prepare_base_model:
    cmd: python -m cnnClassifier.pipeline.stage_02_prepare_base_model
    deps:
    - path: config/config.yaml
      hash: md5
      md5: 780aef87d0ac1237b406fc4d6c9a4348
      size: 569
    - path: src/cnnClassifier/components/prepare_base_model.py
      hash: md5
      md5: 5747e93b96f5d95d5b7f589d01735f17
      size: 2122
    - path: src/cnnClassifier/config/configuration.py
      hash: md5
      md5: 8fb644a13fb9b768c88ff736ab66139c
      size: 3952
    - path: src/cnnClassifier/entity/config_entity.py
      hash: md5
      md5: e2c6e5233f782208e6c941257d86267a
      size: 1086
    - path: src/cnnClassifier/pipeline/stage_02_prepare_base_model.py
      hash: md5
      md5: 81cbb3ca39daf4c404c955f15b6c2942
      size: 967
    - path: src/cnnClassifier/utils/common.py
      hash: md5
      md5: f5bb60ede0b4c3443c098248c0f56090
      size: 3744
    params:
      params.yaml:
        CLASSES: 2
        IMAGE_SIZE:
        - 224
        - 224
        - 3
        INCLUDE_TOP: false
        LEARNING_RATE: 0.0001
        RANDOM_SEED: 42
        WEIGHTS: imagenet
    outs:
    - path: artifacts/prepare_base_model
      hash: md5
      md5: f3bd8cb8cdfebba0b834d22fdf1c9a7d.dir
      size: 118054560
      nfiles: 2
  training:
    cmd: python -m cnnClassifier.pipeline.stage_03_model_trainer
    deps:
    - path: artifacts/data_ingestion/Chest-CT-Scan-data
      hash: md5
      md5: 904fa45d934ce879b3b1933dca6cb2f1.dir
      size: 49247431
      nfiles: 343
    - path: artifacts/prepare_base_model
      hash: md5
      md5: f3bd8cb8cdfebba0b834d22fdf1c9a7d.dir
      size: 118054560
      nfiles: 2
    - path: config/config.yaml
      hash: md5
      md5: 780aef87d0ac1237b406fc4d6c9a4348
      size: 569
    - path: src/cnnClassifier/components/model_trainer.py
      hash: md5
      md5: 0b1efd7fe066cf5cbe951622fc6d2264
      size: 3536
    - path: src/cnnClassifier/config/configuration.py
      hash: md5
      md5: 8fb644a13fb9b768c88ff736ab66139c
      size: 3952
    - path: src/cnnClassifier/entity/config_entity.py
      hash: md5
      md5: e2c6e5233f782208e6c941257d86267a
      size: 1086
    - path: src/cnnClassifier/pipeline/stage_03_model_trainer.py
      hash: md5
      md5: c33e23d2c123f157b2ab007c8e9d938f
      size: 893
    - path: src/cnnClassifier/utils/common.py
      hash: md5
      md5: f5bb60ede0b4c3443c098248c0f56090
      size: 3744
    params:
      params.yaml:
        AUGMENTATION: true
        BATCH_SIZE: 16
        EPOCHS: 6
        IMAGE_SIZE:
        - 224
        - 224
        - 3
        RANDOM_SEED: 42
        VALIDATION_SPLIT: 0.2
    outs:
    - path: artifacts/training/model.h5
      hash: md5
      md5: cfa1964756db4a1f9cf237161c31171f
      size: 59540824
  evaluation:
    cmd: python -m cnnClassifier.pipeline.stage_04_model_evaluation
    deps:
    - path: artifacts/data_ingestion/Chest-CT-Scan-data
      hash: md5
      md5: 904fa45d934ce879b3b1933dca6cb2f1.dir
      size: 49247431
      nfiles: 343
    - path: artifacts/training/model.h5
      hash: md5
      md5: cfa1964756db4a1f9cf237161c31171f
      size: 59540824
    - path: config/config.yaml
      hash: md5
      md5: 780aef87d0ac1237b406fc4d6c9a4348
      size: 569
    - path: src/cnnClassifier/components/model_evaluation_mlflow.py
      hash: md5
      md5: a0c09abb39be7a2578c2b83dbde08411
      size: 7725
    - path: src/cnnClassifier/config/configuration.py
      hash: md5
      md5: 8fb644a13fb9b768c88ff736ab66139c
      size: 3952
    - path: src/cnnClassifier/entity/config_entity.py
      hash: md5
      md5: e2c6e5233f782208e6c941257d86267a
      size: 1086
    - path: src/cnnClassifier/pipeline/stage_04_model_evaluation.py
      hash: md5
      md5: f0c3bd244fe191b94720ca7e0ad09243
      size: 1006
    - path: src/cnnClassifier/utils/common.py
      hash: md5
      md5: f5bb60ede0b4c3443c098248c0f56090
      size: 3744
    params:
      params.yaml:
        BATCH_SIZE: 16
        IMAGE_SIZE:
        - 224
        - 224
        - 3
        RANDOM_SEED: 42
        VALIDATION_SPLIT: 0.2
    outs:
    - path: scores.json
      hash: md5
      md5: a07003fb168aeef2420e9feffd540623
      size: 1270
  tflite_export:
    cmd: python scripts/export_tflite_model.py
    deps:
    - path: artifacts/data_ingestion/Chest-CT-Scan-data
      hash: md5
      md5: 904fa45d934ce879b3b1933dca6cb2f1.dir
      size: 49247431
      nfiles: 343
    - path: artifacts/training/model.h5
      hash: md5
      md5: cfa1964756db4a1f9cf237161c31171f
      size: 59540824
    - path: scripts/export_tflite_model.py
      hash: md5
      md5: 6bd454b760d4dc74de18d16895df06db
      size: 2246
    outs:
    - path: model/inference_profile.json
      hash: md5
      md5: fb2485ae98476255c94f201bc7fc4987
      size: 2413
    - path: model/model.tflite
      hash: md5
      md5: 15632268e9a5d9529bd73739e5dd483a
      size: 14837600
